
Microsoft Visual Studio Solution File, Format Version 12.00
# Visual Studio Version 16
VisualStudioVersion = 16.0.29709.97
MinimumVisualStudioVersion = 10.0.40219.1
Project("{FAE04EC0-301F-11D3-BF4B-00C04F79EFBC}") = "DevCon.HoloAssistant", "DevCon.HoloAssistant\DevCon.HoloAssistant.csproj", "{27FEF413-7D7A-424B-8299-50F178057C51}"
EndProject
Project("{FAE04EC0-301F-11D3-BF4B-00C04F79EFBC}") = "DevCon.Covid19Web", "DevCon.Covid19Web\DevCon.Covid19Web.csproj", "{1059110D-CA7E-40F9-8808-FC9A761C338D}"
EndProject
Global
	GlobalSection(SolutionConfigurationPlatforms) = preSolution
		Debug|Any CPU = Debug|Any CPU
		Debug|ARM = Debug|ARM
		Debug|ARM64 = Debug|ARM64
		Debug|x64 = Debug|x64
		Debug|x86 = Debug|x86
		Release|Any CPU = Release|Any CPU
		Release|ARM = Release|ARM
		Release|ARM64 = Release|ARM64
		Release|x64 = Release|x64
		Release|x86 = Release|x86
	EndGlobalSection
	GlobalSection(ProjectConfigurationPlatforms) = postSolution
		{27FEF413-7D7A-424B-8299-50F178057C51}.Debug|Any CPU.ActiveCfg = Debug|x86
		{27FEF413-7D7A-424B-8299-50F178057C51}.Debug|ARM.ActiveCfg = Debug|ARM
		{27FEF413-7D7A-424B-8299-50F178057C51}.Debug|ARM.Build.0 = Debug|ARM
		{27FEF413-7D7A-424B-8299-50F178057C51}.Debug|ARM.Deploy.0 = Debug|ARM
		{27FEF413-7D7A-424B-8299-50F178057C51}.Debug|ARM64.ActiveCfg = Debug|ARM64
		{27FEF413-7D7A-424B-8299-50F178057C51}.Debug|ARM64.Build.0 = Debug|ARM64
		{27FEF413-7D7A-424B-8299-50F178057C51}.Debug|ARM64.Deploy.0 = Debug|ARM64
		{27FEF413-7D7A-424B-8299-50F178057C51}.Debug|x64.ActiveCfg = Debug|x64
		{27FEF413-7D7A-424B-8299-50F178057C51}.Debug|x64.Build.0 = Debug|x64
		{27FEF413-7D7A-424B-8299-50F178057C51}.Debug|x64.Deploy.0 = Debug|x64
		{27FEF413-7D7A-424B-8299-50F178057C51}.Debug|x86.ActiveCfg = Debug|x86
		{27FEF413-7D7A-424B-8299-50F178057C51}.Debug|x86.Build.0 = Debug|x86
		{27FEF413-7D7A-424B-8299-50F178057C51}.Debug|x86.Deploy.0 = Debug|x86
		{27FEF413-7D7A-424B-8299-50F178057C51}.Release|Any CPU.ActiveCfg = Release|x86
		{27FEF413-7D7A-424B-8299-50F178057C51}.Release|ARM.ActiveCfg = Release|ARM
		{27FEF413-7D7A-424B-8299-50F178057C51}.Release|ARM.Build.0 = Release|ARM
		{27FEF413-7D7A-424B-8299-50F178057C51}.Release|ARM.Deploy.0 = Release|ARM
		{27FEF413-7D7A-424B-8299-50F178057C51}.Release|ARM64.ActiveCfg = Release|ARM64
		{27FEF413-7D7A-424B-8299-50F178057C51}.Release|ARM64.Build.0 = Release|ARM64
		{27FEF413-7D7A-424B-8299-50F178057C51}.Release|ARM64.Deploy.0 = Release|ARM64
		{27FEF413-7D7A-424B-8299-50F178057C51}.Release|x64.ActiveCfg = Release|x64
		{27FEF413-7D7A-424B-8299-50F178057C51}.Release|x64.Build.0 = Release|x64
		{27FEF413-7D7A-424B-8299-50F178057C51}.Release|x64.Deploy.0 = Release|x64
		{27FEF413-7D7A-424B-8299-50F178057C51}.Release|x86.ActiveCfg = Release|x86
		{27FEF413-7D7A-424B-8299-50F178057C51}.Release|x86.Build.0 = Release|x86
		{27FEF413-7D7A-424B-8299-50F178057C51}.Release|x86.Deploy.0 = Release|x86
		{1059110D-CA7E-40F9-8808-FC9A761C338D}.Debug|Any CPU.ActiveCfg = Debug|Any CPU
		{1059110D-CA7E-40F9-8808-FC9A761C338D}.Debug|Any CPU.Build.0 = Debug|Any CPU
		{1059110D-CA7E-40F9-8808-FC9A761C338D}.Debug|ARM.ActiveCfg = Debug|Any CPU
		{1059110D-CA7E-40F9-8808-FC9A761C338D}.Debug|ARM.Build.0 = Debug|Any CPU
		{1059110D-CA7E-40F9-8808-FC9A761C338D}.Debug|ARM64.ActiveCfg = Debug|Any CPU
		{1059110D-CA7E-40F9-8808-FC9A761C338D}.Debug|ARM64.Build.0 = Debug|Any CPU
		{1059110D-CA7E-40F9-8808-FC9A761C338D}.Debug|x64.ActiveCfg = Debug|Any CPU
		{1059110D-CA7E-40F9-8808-FC9A761C338D}.Debug|x64.Build.0 = Debug|Any CPU
		{1059110D-CA7E-40F9-8808-FC9A761C338D}.Debug|x86.ActiveCfg = Debug|Any CPU
		{1059110D-CA7E-40F9-8808-FC9A761C338D}.Debug|x86.Build.0 = Debug|Any CPU
		{1059110D-CA7E-40F9-8808-FC9A761C338D}.Release|Any CPU.ActiveCfg = Release|Any CPU
		{1059110D-CA7E-40F9-8808-FC9A761C338D}.Release|Any CPU.Build.0 = Release|Any CPU
		{1059110D-CA7E-40F9-8808-FC9A761C338D}.Release|ARM.ActiveCfg = Release|Any CPU
		{1059110D-CA7E-40F9-8808-FC9A761C338D}.Release|ARM.Build.0 = Release|Any CPU
		{1059110D-CA7E-40F9-8808-FC9A761C338D}.Release|ARM64.ActiveCfg = Release|Any CPU
		{1059110D-CA7E-40F9-8808-FC9A761C338D}.Release|ARM64.Build.0 = Release|Any CPU
		{1059110D-CA7E-40F9-8808-FC9A761C338D}.Release|x64.ActiveCfg = Release|Any CPU
		{1059110D-CA7E-40F9-8808-FC9A761C338D}.Release|x64.Build.0 = Release|Any CPU
		{1059110D-CA7E-40F9-8808-FC9A761C338D}.Release|x86.ActiveCfg = Release|Any CPU
		{1059110D-CA7E-40F9-8808-FC9A761C338D}.Release|x86.Build.0 = Release|Any CPU
	EndGlobalSection
	GlobalSection(SolutionProperties) = preSolution
		HideSolutionNode = FALSE
	EndGlobalSection
	GlobalSection(ExtensibilityGlobals) = postSolution
		SolutionGuid = {6E1B2E79-4575-4282-AC33-8C1641AE2EFC}
	EndGlobalSection
EndGlobal
